// !$*UTF8*$!
{
	archiveVersion = 1;
	classes = {
	};
	objectVersion = 50;
	objects = {

/* Begin PBXBuildFile section */
		2127178C2587879A0077FAB0 /* UIColor+CZColor.m in Sources */ = {isa = PBXBuildFile; fileRef = 212717782587879A0077FAB0 /* UIColor+CZColor.m */; };
		2127178D2587879A0077FAB0 /* UIColor+CZRandom.m in Sources */ = {isa = PBXBuildFile; fileRef = 212717792587879A0077FAB0 /* UIColor+CZRandom.m */; };
		2127178E2587879A0077FAB0 /* NSString+CZValidPhoneNumber.m in Sources */ = {isa = PBXBuildFile; fileRef = 212717802587879A0077FAB0 /* NSString+CZValidPhoneNumber.m */; };
		2127178F2587879A0077FAB0 /* NSString+CZNumber.m in Sources */ = {isa = PBXBuildFile; fileRef = 212717812587879A0077FAB0 /* NSString+CZNumber.m */; };
		212717902587879A0077FAB0 /* NSString+CZURL.m in Sources */ = {isa = PBXBuildFile; fileRef = 212717822587879A0077FAB0 /* NSString+CZURL.m */; };
		212717912587879A0077FAB0 /* NSString+CZWhitespace.m in Sources */ = {isa = PBXBuildFile; fileRef = 212717832587879A0077FAB0 /* NSString+CZWhitespace.m */; };
		212717922587879A0077FAB0 /* NSNumber+CZFormatter.m in Sources */ = {isa = PBXBuildFile; fileRef = 212717862587879A0077FAB0 /* NSNumber+CZFormatter.m */; };
		212717932587879A0077FAB0 /* NSDate+CZFormatter.m in Sources */ = {isa = PBXBuildFile; fileRef = 2127178B2587879A0077FAB0 /* NSDate+CZFormatter.m */; };
		213973252587882C00E27DD2 /* LaunchScreen.storyboard in Resources */ = {isa = PBXBuildFile; fileRef = 213973242587882C00E27DD2 /* LaunchScreen.storyboard */; };
		21397348258795DC00E27DD2 /* CZCategory.h in Sources */ = {isa = PBXBuildFile; fileRef = 212717842587879A0077FAB0 /* CZCategory.h */; };
		2139734A258795F200E27DD2 /* UIColor+CZExtension.h in Sources */ = {isa = PBXBuildFile; fileRef = 212717772587879A0077FAB0 /* UIColor+CZExtension.h */; };
		2139734C258795F700E27DD2 /* NSString+CZExtension.h in Sources */ = {isa = PBXBuildFile; fileRef = 2127177C2587879A0077FAB0 /* NSString+CZExtension.h */; };
		2139734E258795FA00E27DD2 /* NSNumber+CZExtension.h in Sources */ = {isa = PBXBuildFile; fileRef = 212717872587879A0077FAB0 /* NSNumber+CZExtension.h */; };
		2161AE502579E952008A576A /* AppDelegate.m in Sources */ = {isa = PBXBuildFile; fileRef = 2161AE4F2579E952008A576A /* AppDelegate.m */; };
		2161AE562579E952008A576A /* ViewController.m in Sources */ = {isa = PBXBuildFile; fileRef = 2161AE552579E952008A576A /* ViewController.m */; };
		2161AE5B2579E953008A576A /* Assets.xcassets in Resources */ = {isa = PBXBuildFile; fileRef = 2161AE5A2579E953008A576A /* Assets.xcassets */; };
		2161AE612579E953008A576A /* main.m in Sources */ = {isa = PBXBuildFile; fileRef = 2161AE602579E953008A576A /* main.m */; };
		217D97CB258C3EF400FC77A4 /* UIImage+CZImageFromView.m in Sources */ = {isa = PBXBuildFile; fileRef = 217D97CA258C3EF400FC77A4 /* UIImage+CZImageFromView.m */; };
		21CA99D0258A24A500657F09 /* UIImage+CZColor.m in Sources */ = {isa = PBXBuildFile; fileRef = 21CA99CF258A24A500657F09 /* UIImage+CZColor.m */; };
/* End PBXBuildFile section */

/* Begin PBXFileReference section */
		212717752587879A0077FAB0 /* UIColor+CZRandom.h */ = {isa = PBXFileReference; fileEncoding = 4; lastKnownFileType = sourcecode.c.h; path = "UIColor+CZRandom.h"; sourceTree = "<group>"; };
		212717762587879A0077FAB0 /* UIColor+CZColor.h */ = {isa = PBXFileReference; fileEncoding = 4; lastKnownFileType = sourcecode.c.h; path = "UIColor+CZColor.h"; sourceTree = "<group>"; };
		212717772587879A0077FAB0 /* UIColor+CZExtension.h */ = {isa = PBXFileReference; fileEncoding = 4; lastKnownFileType = sourcecode.c.h; path = "UIColor+CZExtension.h"; sourceTree = "<group>"; };
		212717782587879A0077FAB0 /* UIColor+CZColor.m */ = {isa = PBXFileReference; fileEncoding = 4; lastKnownFileType = sourcecode.c.objc; path = "UIColor+CZColor.m"; sourceTree = "<group>"; };
		212717792587879A0077FAB0 /* UIColor+CZRandom.m */ = {isa = PBXFileReference; fileEncoding = 4; lastKnownFileType = sourcecode.c.objc; path = "UIColor+CZRandom.m"; sourceTree = "<group>"; };
		2127177B2587879A0077FAB0 /* NSString+CZValidPhoneNumber.h */ = {isa = PBXFileReference; fileEncoding = 4; lastKnownFileType = sourcecode.c.h; path = "NSString+CZValidPhoneNumber.h"; sourceTree = "<group>"; };
		2127177C2587879A0077FAB0 /* NSString+CZExtension.h */ = {isa = PBXFileReference; fileEncoding = 4; lastKnownFileType = sourcecode.c.h; path = "NSString+CZExtension.h"; sourceTree = "<group>"; };
		2127177D2587879A0077FAB0 /* NSString+CZURL.h */ = {isa = PBXFileReference; fileEncoding = 4; lastKnownFileType = sourcecode.c.h; path = "NSString+CZURL.h"; sourceTree = "<group>"; };
		2127177E2587879A0077FAB0 /* NSString+CZNumber.h */ = {isa = PBXFileReference; fileEncoding = 4; lastKnownFileType = sourcecode.c.h; path = "NSString+CZNumber.h"; sourceTree = "<group>"; };
		2127177F2587879A0077FAB0 /* NSString+CZWhitespace.h */ = {isa = PBXFileReference; fileEncoding = 4; lastKnownFileType = sourcecode.c.h; path = "NSString+CZWhitespace.h"; sourceTree = "<group>"; };
		212717802587879A0077FAB0 /* NSString+CZValidPhoneNumber.m */ = {isa = PBXFileReference; fileEncoding = 4; lastKnownFileType = sourcecode.c.objc; path = "NSString+CZValidPhoneNumber.m"; sourceTree = "<group>"; };
		212717812587879A0077FAB0 /* NSString+CZNumber.m */ = {isa = PBXFileReference; fileEncoding = 4; lastKnownFileType = sourcecode.c.objc; path = "NSString+CZNumber.m"; sourceTree = "<group>"; };
		212717822587879A0077FAB0 /* NSString+CZURL.m */ = {isa = PBXFileReference; fileEncoding = 4; lastKnownFileType = sourcecode.c.objc; path = "NSString+CZURL.m"; sourceTree = "<group>"; };
		212717832587879A0077FAB0 /* NSString+CZWhitespace.m */ = {isa = PBXFileReference; fileEncoding = 4; lastKnownFileType = sourcecode.c.objc; path = "NSString+CZWhitespace.m"; sourceTree = "<group>"; };
		212717842587879A0077FAB0 /* CZCategory.h */ = {isa = PBXFileReference; fileEncoding = 4; lastKnownFileType = sourcecode.c.h; path = CZCategory.h; sourceTree = "<group>"; };
		212717862587879A0077FAB0 /* NSNumber+CZFormatter.m */ = {isa = PBXFileReference; fileEncoding = 4; lastKnownFileType = sourcecode.c.objc; path = "NSNumber+CZFormatter.m"; sourceTree = "<group>"; };
		212717872587879A0077FAB0 /* NSNumber+CZExtension.h */ = {isa = PBXFileReference; fileEncoding = 4; lastKnownFileType = sourcecode.c.h; path = "NSNumber+CZExtension.h"; sourceTree = "<group>"; };
		212717882587879A0077FAB0 /* NSNumber+CZFormatter.h */ = {isa = PBXFileReference; fileEncoding = 4; lastKnownFileType = sourcecode.c.h; path = "NSNumber+CZFormatter.h"; sourceTree = "<group>"; };
		2127178A2587879A0077FAB0 /* NSDate+CZFormatter.h */ = {isa = PBXFileReference; fileEncoding = 4; lastKnownFileType = sourcecode.c.h; path = "NSDate+CZFormatter.h"; sourceTree = "<group>"; };
		2127178B2587879A0077FAB0 /* NSDate+CZFormatter.m */ = {isa = PBXFileReference; fileEncoding = 4; lastKnownFileType = sourcecode.c.objc; path = "NSDate+CZFormatter.m"; sourceTree = "<group>"; };
		213973242587882C00E27DD2 /* LaunchScreen.storyboard */ = {isa = PBXFileReference; lastKnownFileType = file.storyboard; path = LaunchScreen.storyboard; sourceTree = "<group>"; };
		2161AE4B2579E952008A576A /* CZCategory-OC.app */ = {isa = PBXFileReference; explicitFileType = wrapper.application; includeInIndex = 0; path = "CZCategory-OC.app"; sourceTree = BUILT_PRODUCTS_DIR; };
		2161AE4E2579E952008A576A /* AppDelegate.h */ = {isa = PBXFileReference; lastKnownFileType = sourcecode.c.h; path = AppDelegate.h; sourceTree = "<group>"; };
		2161AE4F2579E952008A576A /* AppDelegate.m */ = {isa = PBXFileReference; lastKnownFileType = sourcecode.c.objc; path = AppDelegate.m; sourceTree = "<group>"; };
		2161AE542579E952008A576A /* ViewController.h */ = {isa = PBXFileReference; lastKnownFileType = sourcecode.c.h; path = ViewController.h; sourceTree = "<group>"; };
		2161AE552579E952008A576A /* ViewController.m */ = {isa = PBXFileReference; lastKnownFileType = sourcecode.c.objc; path = ViewController.m; sourceTree = "<group>"; };
		2161AE5A2579E953008A576A /* Assets.xcassets */ = {isa = PBXFileReference; lastKnownFileType = folder.assetcatalog; path = Assets.xcassets; sourceTree = "<group>"; };
		2161AE5F2579E953008A576A /* Info.plist */ = {isa = PBXFileReference; lastKnownFileType = text.plist.xml; path = Info.plist; sourceTree = "<group>"; };
		2161AE602579E953008A576A /* main.m */ = {isa = PBXFileReference; lastKnownFileType = sourcecode.c.objc; path = main.m; sourceTree = "<group>"; };
		217D97C9258C3EF400FC77A4 /* UIImage+CZImageFromView.h */ = {isa = PBXFileReference; lastKnownFileType = sourcecode.c.h; path = "UIImage+CZImageFromView.h"; sourceTree = "<group>"; };
		217D97CA258C3EF400FC77A4 /* UIImage+CZImageFromView.m */ = {isa = PBXFileReference; lastKnownFileType = sourcecode.c.objc; path = "UIImage+CZImageFromView.m"; sourceTree = "<group>"; };
		21CA99CE258A24A500657F09 /* UIImage+CZColor.h */ = {isa = PBXFileReference; lastKnownFileType = sourcecode.c.h; path = "UIImage+CZColor.h"; sourceTree = "<group>"; };
		21CA99CF258A24A500657F09 /* UIImage+CZColor.m */ = {isa = PBXFileReference; lastKnownFileType = sourcecode.c.objc; path = "UIImage+CZColor.m"; sourceTree = "<group>"; };
		21CA99D3258A251800657F09 /* UIImage+CZExtension.h */ = {isa = PBXFileReference; lastKnownFileType = sourcecode.c.h; path = "UIImage+CZExtension.h"; sourceTree = "<group>"; };
/* End PBXFileReference section */

/* Begin PBXFrameworksBuildPhase section */
		2161AE482579E952008A576A /* Frameworks */ = {
			isa = PBXFrameworksBuildPhase;
			buildActionMask = 2147483647;
			files = (
			);
			runOnlyForDeploymentPostprocessing = 0;
		};
/* End PBXFrameworksBuildPhase section */

/* Begin PBXGroup section */
		212717732587879A0077FAB0 /* Category */ = {
			isa = PBXGroup;
			children = (
				212717842587879A0077FAB0 /* CZCategory.h */,
				212717742587879A0077FAB0 /* UIColor */,
				2127177A2587879A0077FAB0 /* NSString */,
				212717852587879A0077FAB0 /* NSNumber */,
				21CA99CD258A248B00657F09 /* UIImage */,
				212717892587879A0077FAB0 /* NSDate */,
			);
			path = Category;
			sourceTree = SOURCE_ROOT;
		};
		212717742587879A0077FAB0 /* UIColor */ = {
			isa = PBXGroup;
			children = (
				212717772587879A0077FAB0 /* UIColor+CZExtension.h */,
				212717762587879A0077FAB0 /* UIColor+CZColor.h */,
				212717782587879A0077FAB0 /* UIColor+CZColor.m */,
				212717752587879A0077FAB0 /* UIColor+CZRandom.h */,
				212717792587879A0077FAB0 /* UIColor+CZRandom.m */,
			);
			path = UIColor;
			sourceTree = "<group>";
		};
		2127177A2587879A0077FAB0 /* NSString */ = {
			isa = PBXGroup;
			children = (
				2127177B2587879A0077FAB0 /* NSString+CZValidPhoneNumber.h */,
				2127177C2587879A0077FAB0 /* NSString+CZExtension.h */,
				2127177D2587879A0077FAB0 /* NSString+CZURL.h */,
				2127177E2587879A0077FAB0 /* NSString+CZNumber.h */,
				2127177F2587879A0077FAB0 /* NSString+CZWhitespace.h */,
				212717802587879A0077FAB0 /* NSString+CZValidPhoneNumber.m */,
				212717812587879A0077FAB0 /* NSString+CZNumber.m */,
				212717822587879A0077FAB0 /* NSString+CZURL.m */,
				212717832587879A0077FAB0 /* NSString+CZWhitespace.m */,
			);
			path = NSString;
			sourceTree = "<group>";
		};
		212717852587879A0077FAB0 /* NSNumber */ = {
			isa = PBXGroup;
			children = (
				212717862587879A0077FAB0 /* NSNumber+CZFormatter.m */,
				212717872587879A0077FAB0 /* NSNumber+CZExtension.h */,
				212717882587879A0077FAB0 /* NSNumber+CZFormatter.h */,
			);
			path = NSNumber;
			sourceTree = "<group>";
		};
		212717892587879A0077FAB0 /* NSDate */ = {
			isa = PBXGroup;
			children = (
				2127178A2587879A0077FAB0 /* NSDate+CZFormatter.h */,
				2127178B2587879A0077FAB0 /* NSDate+CZFormatter.m */,
			);
			path = NSDate;
			sourceTree = "<group>";
		};
		2161AE422579E952008A576A = {
			isa = PBXGroup;
			children = (
				2161AE4D2579E952008A576A /* CZCategory-OC */,
				2161AE4C2579E952008A576A /* Products */,
			);
			sourceTree = "<group>";
		};
		2161AE4C2579E952008A576A /* Products */ = {
			isa = PBXGroup;
			children = (
				2161AE4B2579E952008A576A /* CZCategory-OC.app */,
			);
			name = Products;
			sourceTree = "<group>";
		};
		2161AE4D2579E952008A576A /* CZCategory-OC */ = {
			isa = PBXGroup;
			children = (
				212717732587879A0077FAB0 /* Category */,
				2161AE4E2579E952008A576A /* AppDelegate.h */,
				2161AE4F2579E952008A576A /* AppDelegate.m */,
				2161AE542579E952008A576A /* ViewController.h */,
				2161AE552579E952008A576A /* ViewController.m */,
				2161AE5A2579E953008A576A /* Assets.xcassets */,
				2161AE5F2579E953008A576A /* Info.plist */,
				2161AE602579E953008A576A /* main.m */,
				213973242587882C00E27DD2 /* LaunchScreen.storyboard */,
			);
			path = "CZCategory-OC";
			sourceTree = "<group>";
		};
		21CA99CD258A248B00657F09 /* UIImage */ = {
			isa = PBXGroup;
			children = (
				21CA99CE258A24A500657F09 /* UIImage+CZColor.h */,
				21CA99CF258A24A500657F09 /* UIImage+CZColor.m */,
				21CA99D3258A251800657F09 /* UIImage+CZExtension.h */,
				217D97C9258C3EF400FC77A4 /* UIImage+CZImageFromView.h */,
				217D97CA258C3EF400FC77A4 /* UIImage+CZImageFromView.m */,
			);
			path = UIImage;
			sourceTree = "<group>";
		};
/* End PBXGroup section */

/* Begin PBXNativeTarget section */
		2161AE4A2579E952008A576A /* CZCategory-OC */ = {
			isa = PBXNativeTarget;
			buildConfigurationList = 2161AE642579E953008A576A /* Build configuration list for PBXNativeTarget "CZCategory-OC" */;
			buildPhases = (
				2161AE472579E952008A576A /* Sources */,
				2161AE482579E952008A576A /* Frameworks */,
				2161AE492579E952008A576A /* Resources */,
			);
			buildRules = (
			);
			dependencies = (
			);
			name = "CZCategory-OC";
			productName = "CZCategory-OC";
			productReference = 2161AE4B2579E952008A576A /* CZCategory-OC.app */;
			productType = "com.apple.product-type.application";
		};
/* End PBXNativeTarget section */

/* Begin PBXProject section */
		2161AE432579E952008A576A /* Project object */ = {
			isa = PBXProject;
			attributes = {
				LastUpgradeCheck = 1220;
				TargetAttributes = {
					2161AE4A2579E952008A576A = {
						CreatedOnToolsVersion = 12.2;
					};
				};
			};
			buildConfigurationList = 2161AE462579E952008A576A /* Build configuration list for PBXProject "CZCategory-OC" */;
			compatibilityVersion = "Xcode 9.3";
			developmentRegion = en;
			hasScannedForEncodings = 0;
			knownRegions = (
				en,
				Base,
			);
			mainGroup = 2161AE422579E952008A576A;
			productRefGroup = 2161AE4C2579E952008A576A /* Products */;
			projectDirPath = "";
			projectRoot = "";
			targets = (
				2161AE4A2579E952008A576A /* CZCategory-OC */,
			);
		};
/* End PBXProject section */

/* Begin PBXResourcesBuildPhase section */
		2161AE492579E952008A576A /* Resources */ = {
			isa = PBXResourcesBuildPhase;
			buildActionMask = 2147483647;
			files = (
				2161AE5B2579E953008A576A /* Assets.xcassets in Resources */,
				213973252587882C00E27DD2 /* LaunchScreen.storyboard in Resources */,
			);
			runOnlyForDeploymentPostprocessing = 0;
		};
/* End PBXResourcesBuildPhase section */

/* Begin PBXSourcesBuildPhase section */
		2161AE472579E952008A576A /* Sources */ = {
			isa = PBXSourcesBuildPhase;
			buildActionMask = 2147483647;
			files = (
				2139734E258795FA00E27DD2 /* NSNumber+CZExtension.h in Sources */,
				2139734C258795F700E27DD2 /* NSString+CZExtension.h in Sources */,
				2139734A258795F200E27DD2 /* UIColor+CZExtension.h in Sources */,
				21397348258795DC00E27DD2 /* CZCategory.h in Sources */,
				21CA99D0258A24A500657F09 /* UIImage+CZColor.m in Sources */,
				2127178C2587879A0077FAB0 /* UIColor+CZColor.m in Sources */,
				217D97CB258C3EF400FC77A4 /* UIImage+CZImageFromView.m in Sources */,
				2127178E2587879A0077FAB0 /* NSString+CZValidPhoneNumber.m in Sources */,
				212717932587879A0077FAB0 /* NSDate+CZFormatter.m in Sources */,
				2161AE562579E952008A576A /* ViewController.m in Sources */,
				2127178D2587879A0077FAB0 /* UIColor+CZRandom.m in Sources */,
				2161AE502579E952008A576A /* AppDelegate.m in Sources */,
				2161AE612579E953008A576A /* main.m in Sources */,
				212717912587879A0077FAB0 /* NSString+CZWhitespace.m in Sources */,
				212717902587879A0077FAB0 /* NSString+CZURL.m in Sources */,
				2127178F2587879A0077FAB0 /* NSString+CZNumber.m in Sources */,
				212717922587879A0077FAB0 /* NSNumber+CZFormatter.m in Sources */,
			);
			runOnlyForDeploymentPostprocessing = 0;
		};
/* End PBXSourcesBuildPhase section */

/* Begin XCBuildConfiguration section */
		2161AE622579E953008A576A /* Debug */ = {
			isa = XCBuildConfiguration;
			buildSettings = {
				ALWAYS_SEARCH_USER_PATHS = NO;
				CLANG_ANALYZER_NONNULL = YES;
				CLANG_ANALYZER_NUMBER_OBJECT_CONVERSION = YES_AGGRESSIVE;
				CLANG_CXX_LANGUAGE_STANDARD = "gnu++14";
				CLANG_CXX_LIBRARY = "libc++";
				CLANG_ENABLE_MODULES = YES;
				CLANG_ENABLE_OBJC_ARC = YES;
				CLANG_ENABLE_OBJC_WEAK = YES;
				CLANG_WARN_BLOCK_CAPTURE_AUTORELEASING = YES;
				CLANG_WARN_BOOL_CONVERSION = YES;
				CLANG_WARN_COMMA = YES;
				CLANG_WARN_CONSTANT_CONVERSION = YES;
				CLANG_WARN_DEPRECATED_OBJC_IMPLEMENTATIONS = YES;
				CLANG_WARN_DIRECT_OBJC_ISA_USAGE = YES_ERROR;
				CLANG_WARN_DOCUMENTATION_COMMENTS = YES;
				CLANG_WARN_EMPTY_BODY = YES;
				CLANG_WARN_ENUM_CONVERSION = YES;
				CLANG_WARN_INFINITE_RECURSION = YES;
				CLANG_WARN_INT_CONVERSION = YES;
				CLANG_WARN_NON_LITERAL_NULL_CONVERSION = YES;
				CLANG_WARN_OBJC_IMPLICIT_RETAIN_SELF = YES;
				CLANG_WARN_OBJC_LITERAL_CONVERSION = YES;
				CLANG_WARN_OBJC_ROOT_CLASS = YES_ERROR;
				CLANG_WARN_QUOTED_INCLUDE_IN_FRAMEWORK_HEADER = YES;
				CLANG_WARN_RANGE_LOOP_ANALYSIS = YES;
				CLANG_WARN_STRICT_PROTOTYPES = YES;
				CLANG_WARN_SUSPICIOUS_MOVE = YES;
				CLANG_WARN_UNGUARDED_AVAILABILITY = YES_AGGRESSIVE;
				CLANG_WARN_UNREACHABLE_CODE = YES;
				CLANG_WARN__DUPLICATE_METHOD_MATCH = YES;
				COPY_PHASE_STRIP = NO;
				DEBUG_INFORMATION_FORMAT = dwarf;
				ENABLE_STRICT_OBJC_MSGSEND = YES;
				ENABLE_TESTABILITY = YES;
				GCC_C_LANGUAGE_STANDARD = gnu11;
				GCC_DYNAMIC_NO_PIC = NO;
				GCC_NO_COMMON_BLOCKS = YES;
				GCC_OPTIMIZATION_LEVEL = 0;
				GCC_PREPROCESSOR_DEFINITIONS = (
					"DEBUG=1",
					"$(inherited)",
				);
				GCC_WARN_64_TO_32_BIT_CONVERSION = YES;
				GCC_WARN_ABOUT_RETURN_TYPE = YES_ERROR;
				GCC_WARN_UNDECLARED_SELECTOR = YES;
				GCC_WARN_UNINITIALIZED_AUTOS = YES_AGGRESSIVE;
				GCC_WARN_UNUSED_FUNCTION = YES;
				GCC_WARN_UNUSED_VARIABLE = YES;
				IPHONEOS_DEPLOYMENT_TARGET = 14.2;
				MTL_ENABLE_DEBUG_INFO = INCLUDE_SOURCE;
				MTL_FAST_MATH = YES;
				ONLY_ACTIVE_ARCH = YES;
				SDKROOT = iphoneos;
			};
			name = Debug;
		};
		2161AE632579E953008A576A /* Release */ = {
			isa = XCBuildConfiguration;
			buildSettings = {
				ALWAYS_SEARCH_USER_PATHS = NO;
				CLANG_ANALYZER_NONNULL = YES;
				CLANG_ANALYZER_NUMBER_OBJECT_CONVERSION = YES_AGGRESSIVE;
				CLANG_CXX_LANGUAGE_STANDARD = "gnu++14";
				CLANG_CXX_LIBRARY = "libc++";
				CLANG_ENABLE_MODULES = YES;
				CLANG_ENABLE_OBJC_ARC = YES;
				CLANG_ENABLE_OBJC_WEAK = YES;
				CLANG_WARN_BLOCK_CAPTURE_AUTORELEASING = YES;
				CLANG_WARN_BOOL_CONVERSION = YES;
				CLANG_WARN_COMMA = YES;
				CLANG_WARN_CONSTANT_CONVERSION = YES;
				CLANG_WARN_DEPRECATED_OBJC_IMPLEMENTATIONS = YES;
				CLANG_WARN_DIRECT_OBJC_ISA_USAGE = YES_ERROR;
				CLANG_WARN_DOCUMENTATION_COMMENTS = YES;
				CLANG_WARN_EMPTY_BODY = YES;
				CLANG_WARN_ENUM_CONVERSION = YES;
				CLANG_WARN_INFINITE_RECURSION = YES;
				CLANG_WARN_INT_CONVERSION = YES;
				CLANG_WARN_NON_LITERAL_NULL_CONVERSION = YES;
				CLANG_WARN_OBJC_IMPLICIT_RETAIN_SELF = YES;
				CLANG_WARN_OBJC_LITERAL_CONVERSION = YES;
				CLANG_WARN_OBJC_ROOT_CLASS = YES_ERROR;
				CLANG_WARN_QUOTED_INCLUDE_IN_FRAMEWORK_HEADER = YES;
				CLANG_WARN_RANGE_LOOP_ANALYSIS = YES;
				CLANG_WARN_STRICT_PROTOTYPES = YES;
				CLANG_WARN_SUSPICIOUS_MOVE = YES;
				CLANG_WARN_UNGUARDED_AVAILABILITY = YES_AGGRESSIVE;
				CLANG_WARN_UNREACHABLE_CODE = YES;
				CLANG_WARN__DUPLICATE_METHOD_MATCH = YES;
				COPY_PHASE_STRIP = NO;
				DEBUG_INFORMATION_FORMAT = "dwarf-with-dsym";
				ENABLE_NS_ASSERTIONS = NO;
				ENABLE_STRICT_OBJC_MSGSEND = YES;
				GCC_C_LANGUAGE_STANDARD = gnu11;
				GCC_NO_COMMON_BLOCKS = YES;
				GCC_WARN_64_TO_32_BIT_CONVERSION = YES;
				GCC_WARN_ABOUT_RETURN_TYPE = YES_ERROR;
				GCC_WARN_UNDECLARED_SELECTOR = YES;
				GCC_WARN_UNINITIALIZED_AUTOS = YES_AGGRESSIVE;
				GCC_WARN_UNUSED_FUNCTION = YES;
				GCC_WARN_UNUSED_VARIABLE = YES;
				IPHONEOS_DEPLOYMENT_TARGET = 14.2;
				MTL_ENABLE_DEBUG_INFO = NO;
				MTL_FAST_MATH = YES;
				SDKROOT = iphoneos;
				VALIDATE_PRODUCT = YES;
			};
			name = Release;
		};
		2161AE652579E953008A576A /* Debug */ = {
			isa = XCBuildConfiguration;
			buildSettings = {
				ASSETCATALOG_COMPILER_APPICON_NAME = AppIcon;
				ASSETCATALOG_COMPILER_GLOBAL_ACCENT_COLOR_NAME = AccentColor;
				CODE_SIGN_STYLE = Automatic;
				DEVELOPMENT_TEAM = U5AJT6V44T;
				INFOPLIST_FILE = "CZCategory-OC/Info.plist";
				IPHONEOS_DEPLOYMENT_TARGET = 10.0;
				LD_RUNPATH_SEARCH_PATHS = (
					"$(inherited)",
					"@executable_path/Frameworks",
				);
				PRODUCT_BUNDLE_IDENTIFIER = "com.cz.CZCategory-OC";
				PRODUCT_NAME = "$(TARGET_NAME)";
				TARGETED_DEVICE_FAMILY = 1;
			};
			name = Debug;
		};
		2161AE662579E953008A576A /* Release */ = {
			isa = XCBuildConfiguration;
			buildSettings = {
				ASSETCATALOG_COMPILER_APPICON_NAME = AppIcon;
				ASSETCATALOG_COMPILER_GLOBAL_ACCENT_COLOR_NAME = AccentColor;
				CODE_SIGN_STYLE = Automatic;
				DEVELOPMENT_TEAM = U5AJT6V44T;
				INFOPLIST_FILE = "CZCategory-OC/Info.plist";
				IPHONEOS_DEPLOYMENT_TARGET = 10.0;
				LD_RUNPATH_SEARCH_PATHS = (
					"$(inherited)",
					"@executable_path/Frameworks",
				);
				PRODUCT_BUNDLE_IDENTIFIER = "com.cz.CZCategory-OC";
				PRODUCT_NAME = "$(TARGET_NAME)";
				TARGETED_DEVICE_FAMILY = 1;
			};
			name = Release;
		};
/* End XCBuildConfiguration section */

/* Begin XCConfigurationList section */
		2161AE462579E952008A576A /* Build configuration list for PBXProject "CZCategory-OC" */ = {
			isa = XCConfigurationList;
			buildConfigurations = (
				2161AE622579E953008A576A /* Debug */,
				2161AE632579E953008A576A /* Release */,
			);
			defaultConfigurationIsVisible = 0;
			defaultConfigurationName = Release;
		};
		2161AE642579E953008A576A /* Build configuration list for PBXNativeTarget "CZCategory-OC" */ = {
			isa = XCConfigurationList;
			buildConfigurations = (
				2161AE652579E953008A576A /* Debug */,
				2161AE662579E953008A576A /* Release */,
			);
			defaultConfigurationIsVisible = 0;
			defaultConfigurationName = Release;
		};
/* End XCConfigurationList section */
	};
	rootObject = 2161AE432579E952008A576A /* Project object */;
}
